
Microsoft Visual Studio Solution File, Format Version 12.00
Project("{FAE04EC0-301F-11D3-BF4B-00C04F79EFBC}") = "MTG-Emulator.Backend", "MTG-Emulator.Backend\MTG-Emulator.Backend.csproj", "{29AEC7EF-F306-454A-B10D-E9BF9EB35EE3}"
EndProject
Project("{2150E333-8FDC-42A3-9474-1A3956D46DE8}") = "MTG-Emulator", "MTG-Emulator", "{A79322FD-0764-276E-F457-855181574082}"
EndProject
Project("{FAE04EC0-301F-11D3-BF4B-00C04F79EFBC}") = "Assembly-CSharp", "MTG-Emulator\Assembly-CSharp.csproj", "{7C1DBA05-DCCC-BBFA-5AEB-7C2C6FDB1CC7}"
EndProject
Project("{FAE04EC0-301F-11D3-BF4B-00C04F79EFBC}") = "Unity.Rider.Editor", "MTG-Emulator\Unity.Rider.Editor.csproj", "{2E54F2C5-675C-432C-F952-DA44AF8FD9BF}"
EndProject
Project("{FAE04EC0-301F-11D3-BF4B-00C04F79EFBC}") = "UnitTests", "UnitTests\UnitTests.csproj", "{D86CB929-618E-472E-AC87-D29543DB78D2}"
EndProject
Global
	GlobalSection(SolutionConfigurationPlatforms) = preSolution
		Debug|Any CPU = Debug|Any CPU
		Debug|x64 = Debug|x64
		Debug|x86 = Debug|x86
		Release|Any CPU = Release|Any CPU
		Release|x64 = Release|x64
		Release|x86 = Release|x86
	EndGlobalSection
	GlobalSection(ProjectConfigurationPlatforms) = postSolution
		{29AEC7EF-F306-454A-B10D-E9BF9EB35EE3}.Debug|Any CPU.ActiveCfg = Debug|Any CPU
		{29AEC7EF-F306-454A-B10D-E9BF9EB35EE3}.Debug|Any CPU.Build.0 = Debug|Any CPU
		{29AEC7EF-F306-454A-B10D-E9BF9EB35EE3}.Debug|x64.ActiveCfg = Debug|Any CPU
		{29AEC7EF-F306-454A-B10D-E9BF9EB35EE3}.Debug|x64.Build.0 = Debug|Any CPU
		{29AEC7EF-F306-454A-B10D-E9BF9EB35EE3}.Debug|x86.ActiveCfg = Debug|Any CPU
		{29AEC7EF-F306-454A-B10D-E9BF9EB35EE3}.Debug|x86.Build.0 = Debug|Any CPU
		{29AEC7EF-F306-454A-B10D-E9BF9EB35EE3}.Release|Any CPU.ActiveCfg = Release|Any CPU
		{29AEC7EF-F306-454A-B10D-E9BF9EB35EE3}.Release|Any CPU.Build.0 = Release|Any CPU
		{29AEC7EF-F306-454A-B10D-E9BF9EB35EE3}.Release|x64.ActiveCfg = Release|Any CPU
		{29AEC7EF-F306-454A-B10D-E9BF9EB35EE3}.Release|x64.Build.0 = Release|Any CPU
		{29AEC7EF-F306-454A-B10D-E9BF9EB35EE3}.Release|x86.ActiveCfg = Release|Any CPU
		{29AEC7EF-F306-454A-B10D-E9BF9EB35EE3}.Release|x86.Build.0 = Release|Any CPU
		{7C1DBA05-DCCC-BBFA-5AEB-7C2C6FDB1CC7}.Debug|Any CPU.ActiveCfg = Debug|Any CPU
		{7C1DBA05-DCCC-BBFA-5AEB-7C2C6FDB1CC7}.Debug|Any CPU.Build.0 = Debug|Any CPU
		{7C1DBA05-DCCC-BBFA-5AEB-7C2C6FDB1CC7}.Debug|x64.ActiveCfg = Debug|Any CPU
		{7C1DBA05-DCCC-BBFA-5AEB-7C2C6FDB1CC7}.Debug|x64.Build.0 = Debug|Any CPU
		{7C1DBA05-DCCC-BBFA-5AEB-7C2C6FDB1CC7}.Debug|x86.ActiveCfg = Debug|Any CPU
		{7C1DBA05-DCCC-BBFA-5AEB-7C2C6FDB1CC7}.Debug|x86.Build.0 = Debug|Any CPU
		{7C1DBA05-DCCC-BBFA-5AEB-7C2C6FDB1CC7}.Release|Any CPU.ActiveCfg = Release|Any CPU
		{7C1DBA05-DCCC-BBFA-5AEB-7C2C6FDB1CC7}.Release|Any CPU.Build.0 = Release|Any CPU
		{7C1DBA05-DCCC-BBFA-5AEB-7C2C6FDB1CC7}.Release|x64.ActiveCfg = Release|Any CPU
		{7C1DBA05-DCCC-BBFA-5AEB-7C2C6FDB1CC7}.Release|x64.Build.0 = Release|Any CPU
		{7C1DBA05-DCCC-BBFA-5AEB-7C2C6FDB1CC7}.Release|x86.ActiveCfg = Release|Any CPU
		{7C1DBA05-DCCC-BBFA-5AEB-7C2C6FDB1CC7}.Release|x86.Build.0 = Release|Any CPU
		{2E54F2C5-675C-432C-F952-DA44AF8FD9BF}.Debug|Any CPU.ActiveCfg = Debug|Any CPU
		{2E54F2C5-675C-432C-F952-DA44AF8FD9BF}.Debug|Any CPU.Build.0 = Debug|Any CPU
		{2E54F2C5-675C-432C-F952-DA44AF8FD9BF}.Debug|x64.ActiveCfg = Debug|Any CPU
		{2E54F2C5-675C-432C-F952-DA44AF8FD9BF}.Debug|x64.Build.0 = Debug|Any CPU
		{2E54F2C5-675C-432C-F952-DA44AF8FD9BF}.Debug|x86.ActiveCfg = Debug|Any CPU
		{2E54F2C5-675C-432C-F952-DA44AF8FD9BF}.Debug|x86.Build.0 = Debug|Any CPU
		{2E54F2C5-675C-432C-F952-DA44AF8FD9BF}.Release|Any CPU.ActiveCfg = Release|Any CPU
		{2E54F2C5-675C-432C-F952-DA44AF8FD9BF}.Release|Any CPU.Build.0 = Release|Any CPU
		{2E54F2C5-675C-432C-F952-DA44AF8FD9BF}.Release|x64.ActiveCfg = Release|Any CPU
		{2E54F2C5-675C-432C-F952-DA44AF8FD9BF}.Release|x64.Build.0 = Release|Any CPU
		{2E54F2C5-675C-432C-F952-DA44AF8FD9BF}.Release|x86.ActiveCfg = Release|Any CPU
		{2E54F2C5-675C-432C-F952-DA44AF8FD9BF}.Release|x86.Build.0 = Release|Any CPU
		{D86CB929-618E-472E-AC87-D29543DB78D2}.Debug|Any CPU.ActiveCfg = Debug|Any CPU
		{D86CB929-618E-472E-AC87-D29543DB78D2}.Debug|Any CPU.Build.0 = Debug|Any CPU
		{D86CB929-618E-472E-AC87-D29543DB78D2}.Debug|x64.ActiveCfg = Debug|Any CPU
		{D86CB929-618E-472E-AC87-D29543DB78D2}.Debug|x64.Build.0 = Debug|Any CPU
		{D86CB929-618E-472E-AC87-D29543DB78D2}.Debug|x86.ActiveCfg = Debug|Any CPU
		{D86CB929-618E-472E-AC87-D29543DB78D2}.Debug|x86.Build.0 = Debug|Any CPU
		{D86CB929-618E-472E-AC87-D29543DB78D2}.Release|Any CPU.ActiveCfg = Release|Any CPU
		{D86CB929-618E-472E-AC87-D29543DB78D2}.Release|Any CPU.Build.0 = Release|Any CPU
		{D86CB929-618E-472E-AC87-D29543DB78D2}.Release|x64.ActiveCfg = Release|Any CPU
		{D86CB929-618E-472E-AC87-D29543DB78D2}.Release|x64.Build.0 = Release|Any CPU
		{D86CB929-618E-472E-AC87-D29543DB78D2}.Release|x86.ActiveCfg = Release|Any CPU
		{D86CB929-618E-472E-AC87-D29543DB78D2}.Release|x86.Build.0 = Release|Any CPU
	EndGlobalSection
	GlobalSection(SolutionProperties) = preSolution
		HideSolutionNode = FALSE
	EndGlobalSection
	GlobalSection(NestedProjects) = preSolution
		{7C1DBA05-DCCC-BBFA-5AEB-7C2C6FDB1CC7} = {A79322FD-0764-276E-F457-855181574082}
		{2E54F2C5-675C-432C-F952-DA44AF8FD9BF} = {A79322FD-0764-276E-F457-855181574082}
	EndGlobalSection
EndGlobal
